
Microsoft Visual Studio Solution File, Format Version 12.00
# Visual Studio Version 16
VisualStudioVersion = 16.0.29306.81
MinimumVisualStudioVersion = 10.0.40219.1
Project("{FAE04EC0-301F-11D3-BF4B-00C04F79EFBC}") = "VersionChangerNetCore", "VersionChangerNetCore.csproj", "{1301DFC9-73ED-4488-AF29-A130E3322443}"
EndProject
Global
	GlobalSection(SolutionConfigurationPlatforms) = preSolution
		Debug|Any CPU = Debug|Any CPU
		Release|Any CPU = Release|Any CPU
	EndGlobalSection
	GlobalSection(ProjectConfigurationPlatforms) = postSolution
		{1301DFC9-73ED-4488-AF29-A130E3322443}.Debug|Any CPU.ActiveCfg = Debug|Any CPU
		{1301DFC9-73ED-4488-AF29-A130E3322443}.Debug|Any CPU.Build.0 = Debug|Any CPU
		{1301DFC9-73ED-4488-AF29-A130E3322443}.Release|Any CPU.ActiveCfg = Release|Any CPU
		{1301DFC9-73ED-4488-AF29-A130E3322443}.Release|Any CPU.Build.0 = Release|Any CPU
	EndGlobalSection
	GlobalSection(SolutionProperties) = preSolution
		HideSolutionNode = FALSE
	EndGlobalSection
	GlobalSection(ExtensibilityGlobals) = postSolution
		SolutionGuid = {9AD2D79B-D92F-4675-AD57-C79D47BADEFE}
	EndGlobalSection
EndGlobal
